// !$*UTF8*$!
{
	archiveVersion = 1;
	classes = {
	};
	objectVersion = 46;
	objects = {

/* Begin PBXBuildFile section */
		BC465FFD1B758DFC0012C2D2 /* main.m in Sources */ = {isa = PBXBuildFile; fileRef = BC465FFC1B758DFC0012C2D2 /* main.m */; };
		BC4660001B758DFC0012C2D2 /* AppDelegate.m in Sources */ = {isa = PBXBuildFile; fileRef = BC465FFF1B758DFC0012C2D2 /* AppDelegate.m */; };
		BC4660031B758DFC0012C2D2 /* TestBlock.xcdatamodeld in Sources */ = {isa = PBXBuildFile; fileRef = BC4660011B758DFC0012C2D2 /* TestBlock.xcdatamodeld */; };
		BC4660061B758DFC0012C2D2 /* ViewController.m in Sources */ = {isa = PBXBuildFile; fileRef = BC4660051B758DFC0012C2D2 /* ViewController.m */; };
		BC4660091B758DFC0012C2D2 /* Main.storyboard in Resources */ = {isa = PBXBuildFile; fileRef = BC4660071B758DFC0012C2D2 /* Main.storyboard */; };
		BC46600B1B758DFC0012C2D2 /* Images.xcassets in Resources */ = {isa = PBXBuildFile; fileRef = BC46600A1B758DFC0012C2D2 /* Images.xcassets */; };
		BC46600E1B758DFC0012C2D2 /* LaunchScreen.xib in Resources */ = {isa = PBXBuildFile; fileRef = BC46600C1B758DFC0012C2D2 /* LaunchScreen.xib */; };
		BC46601A1B758DFC0012C2D2 /* TestBlockTests.m in Sources */ = {isa = PBXBuildFile; fileRef = BC4660191B758DFC0012C2D2 /* TestBlockTests.m */; };
/* End PBXBuildFile section */

/* Begin PBXContainerItemProxy section */
		BC4660141B758DFC0012C2D2 /* PBXContainerItemProxy */ = {
			isa = PBXContainerItemProxy;
			containerPortal = BC465FEF1B758DFC0012C2D2 /* Project object */;
			proxyType = 1;
			remoteGlobalIDString = BC465FF61B758DFC0012C2D2;
			remoteInfo = TestBlock;
		};
/* End PBXContainerItemProxy section */

/* Begin PBXFileReference section */
		BC465FF71B758DFC0012C2D2 /* TestBlock.app */ = {isa = PBXFileReference; explicitFileType = wrapper.application; includeInIndex = 0; path = TestBlock.app; sourceTree = BUILT_PRODUCTS_DIR; };
		BC465FFB1B758DFC0012C2D2 /* Info.plist */ = {isa = PBXFileReference; lastKnownFileType = text.plist.xml; path = Info.plist; sourceTree = "<group>"; };
		BC465FFC1B758DFC0012C2D2 /* main.m */ = {isa = PBXFileReference; lastKnownFileType = sourcecode.c.objc; path = main.m; sourceTree = "<group>"; };
		BC465FFE1B758DFC0012C2D2 /* AppDelegate.h */ = {isa = PBXFileReference; lastKnownFileType = sourcecode.c.h; path = AppDelegate.h; sourceTree = "<group>"; };
		BC465FFF1B758DFC0012C2D2 /* AppDelegate.m */ = {isa = PBXFileReference; lastKnownFileType = sourcecode.c.objc; path = AppDelegate.m; sourceTree = "<group>"; };
		BC4660021B758DFC0012C2D2 /* TestBlock.xcdatamodel */ = {isa = PBXFileReference; lastKnownFileType = wrapper.xcdatamodel; path = TestBlock.xcdatamodel; sourceTree = "<group>"; };
		BC4660041B758DFC0012C2D2 /* ViewController.h */ = {isa = PBXFileReference; lastKnownFileType = sourcecode.c.h; path = ViewController.h; sourceTree = "<group>"; };
		BC4660051B758DFC0012C2D2 /* ViewController.m */ = {isa = PBXFileReference; lastKnownFileType = sourcecode.c.objc; path = ViewController.m; sourceTree = "<group>"; };
		BC4660081B758DFC0012C2D2 /* Base */ = {isa = PBXFileReference; lastKnownFileType = file.storyboard; name = Base; path = Base.lproj/Main.storyboard; sourceTree = "<group>"; };
		BC46600A1B758DFC0012C2D2 /* Images.xcassets */ = {isa = PBXFileReference; lastKnownFileType = folder.assetcatalog; path = Images.xcassets; sourceTree = "<group>"; };
		BC46600D1B758DFC0012C2D2 /* Base */ = {isa = PBXFileReference; lastKnownFileType = file.xib; name = Base; path = Base.lproj/LaunchScreen.xib; sourceTree = "<group>"; };
		BC4660131B758DFC0012C2D2 /* TestBlockTests.xctest */ = {isa = PBXFileReference; explicitFileType = wrapper.cfbundle; includeInIndex = 0; path = TestBlockTests.xctest; sourceTree = BUILT_PRODUCTS_DIR; };
		BC4660181B758DFC0012C2D2 /* Info.plist */ = {isa = PBXFileReference; lastKnownFileType = text.plist.xml; path = Info.plist; sourceTree = "<group>"; };
		BC4660191B758DFC0012C2D2 /* TestBlockTests.m */ = {isa = PBXFileReference; lastKnownFileType = sourcecode.c.objc; path = TestBlockTests.m; sourceTree = "<group>"; };
/* End PBXFileReference section */

/* Begin PBXFrameworksBuildPhase section */
		BC465FF41B758DFC0012C2D2 /* Frameworks */ = {
			isa = PBXFrameworksBuildPhase;
			buildActionMask = 2147483647;
			files = (
			);
			runOnlyForDeploymentPostprocessing = 0;
		};
		BC4660101B758DFC0012C2D2 /* Frameworks */ = {
			isa = PBXFrameworksBuildPhase;
			buildActionMask = 2147483647;
			files = (
			);
			runOnlyForDeploymentPostprocessing = 0;
		};
/* End PBXFrameworksBuildPhase section */

/* Begin PBXGroup section */
		BC465FEE1B758DFC0012C2D2 = {
			isa = PBXGroup;
			children = (
				BC465FF91B758DFC0012C2D2 /* TestBlock */,
				BC4660161B758DFC0012C2D2 /* TestBlockTests */,
				BC465FF81B758DFC0012C2D2 /* Products */,
			);
			sourceTree = "<group>";
		};
		BC465FF81B758DFC0012C2D2 /* Products */ = {
			isa = PBXGroup;
			children = (
				BC465FF71B758DFC0012C2D2 /* TestBlock.app */,
				BC4660131B758DFC0012C2D2 /* TestBlockTests.xctest */,
			);
			name = Products;
			sourceTree = "<group>";
		};
		BC465FF91B758DFC0012C2D2 /* TestBlock */ = {
			isa = PBXGroup;
			children = (
				BC465FFE1B758DFC0012C2D2 /* AppDelegate.h */,
				BC465FFF1B758DFC0012C2D2 /* AppDelegate.m */,
				BC4660041B758DFC0012C2D2 /* ViewController.h */,
				BC4660051B758DFC0012C2D2 /* ViewController.m */,
				BC4660071B758DFC0012C2D2 /* Main.storyboard */,
				BC46600A1B758DFC0012C2D2 /* Images.xcassets */,
				BC46600C1B758DFC0012C2D2 /* LaunchScreen.xib */,
				BC4660011B758DFC0012C2D2 /* TestBlock.xcdatamodeld */,
				BC465FFA1B758DFC0012C2D2 /* Supporting Files */,
			);
			path = TestBlock;
			sourceTree = "<group>";
		};
		BC465FFA1B758DFC0012C2D2 /* Supporting Files */ = {
			isa = PBXGroup;
			children = (
				BC465FFB1B758DFC0012C2D2 /* Info.plist */,
				BC465FFC1B758DFC0012C2D2 /* main.m */,
			);
			name = "Supporting Files";
			sourceTree = "<group>";
		};
		BC4660161B758DFC0012C2D2 /* TestBlockTests */ = {
			isa = PBXGroup;
			children = (
				BC4660191B758DFC0012C2D2 /* TestBlockTests.m */,
				BC4660171B758DFC0012C2D2 /* Supporting Files */,
			);
			path = TestBlockTests;
			sourceTree = "<group>";
		};
		BC4660171B758DFC0012C2D2 /* Supporting Files */ = {
			isa = PBXGroup;
			children = (
				BC4660181B758DFC0012C2D2 /* Info.plist */,
			);
			name = "Supporting Files";
			sourceTree = "<group>";
		};
/* End PBXGroup section */

/* Begin PBXNativeTarget section */
		BC465FF61B758DFC0012C2D2 /* TestBlock */ = {
			isa = PBXNativeTarget;
			buildConfigurationList = BC46601D1B758DFC0012C2D2 /* Build configuration list for PBXNativeTarget "TestBlock" */;
			buildPhases = (
				BC465FF31B758DFC0012C2D2 /* Sources */,
				BC465FF41B758DFC0012C2D2 /* Frameworks */,
				BC465FF51B758DFC0012C2D2 /* Resources */,
			);
			buildRules = (
			);
			dependencies = (
			);
			name = TestBlock;
			productName = TestBlock;
			productReference = BC465FF71B758DFC0012C2D2 /* TestBlock.app */;
			productType = "com.apple.product-type.application";
		};
		BC4660121B758DFC0012C2D2 /* TestBlockTests */ = {
			isa = PBXNativeTarget;
			buildConfigurationList = BC4660201B758DFC0012C2D2 /* Build configuration list for PBXNativeTarget "TestBlockTests" */;
			buildPhases = (
				BC46600F1B758DFC0012C2D2 /* Sources */,
				BC4660101B758DFC0012C2D2 /* Frameworks */,
				BC4660111B758DFC0012C2D2 /* Resources */,
			);
			buildRules = (
			);
			dependencies = (
				BC4660151B758DFC0012C2D2 /* PBXTargetDependency */,
			);
			name = TestBlockTests;
			productName = TestBlockTests;
			productReference = BC4660131B758DFC0012C2D2 /* TestBlockTests.xctest */;
			productType = "com.apple.product-type.bundle.unit-test";
		};
/* End PBXNativeTarget section */

/* Begin PBXProject section */
		BC465FEF1B758DFC0012C2D2 /* Project object */ = {
			isa = PBXProject;
			attributes = {
				LastUpgradeCheck = 0630;
				ORGANIZATIONNAME = pzl;
				TargetAttributes = {
					BC465FF61B758DFC0012C2D2 = {
						CreatedOnToolsVersion = 6.3;
					};
					BC4660121B758DFC0012C2D2 = {
						CreatedOnToolsVersion = 6.3;
						TestTargetID = BC465FF61B758DFC0012C2D2;
					};
				};
			};
			buildConfigurationList = BC465FF21B758DFC0012C2D2 /* Build configuration list for PBXProject "TestBlock" */;
			compatibilityVersion = "Xcode 3.2";
			developmentRegion = English;
			hasScannedForEncodings = 0;
			knownRegions = (
				en,
				Base,
			);
			mainGroup = BC465FEE1B758DFC0012C2D2;
			productRefGroup = BC465FF81B758DFC0012C2D2 /* Products */;
			projectDirPath = "";
			projectRoot = "";
			targets = (
				BC465FF61B758DFC0012C2D2 /* TestBlock */,
				BC4660121B758DFC0012C2D2 /* TestBlockTests */,
			);
		};
/* End PBXProject section */

/* Begin PBXResourcesBuildPhase section */
		BC465FF51B758DFC0012C2D2 /* Resources */ = {
			isa = PBXResourcesBuildPhase;
			buildActionMask = 2147483647;
			files = (
				BC4660091B758DFC0012C2D2 /* Main.storyboard in Resources */,
				BC46600E1B758DFC0012C2D2 /* LaunchScreen.xib in Resources */,
				BC46600B1B758DFC0012C2D2 /* Images.xcassets in Resources */,
			);
			runOnlyForDeploymentPostprocessing = 0;
		};
		BC4660111B758DFC0012C2D2 /* Resources */ = {
			isa = PBXResourcesBuildPhase;
			buildActionMask = 2147483647;
			files = (
			);
			runOnlyForDeploymentPostprocessing = 0;
		};
/* End PBXResourcesBuildPhase section */

/* Begin PBXSourcesBuildPhase section */
		BC465FF31B758DFC0012C2D2 /* Sources */ = {
			isa = PBXSourcesBuildPhase;
			buildActionMask = 2147483647;
			files = (
				BC4660001B758DFC0012C2D2 /* AppDelegate.m in Sources */,
				BC4660031B758DFC0012C2D2 /* TestBlock.xcdatamodeld in Sources */,
				BC4660061B758DFC0012C2D2 /* ViewController.m in Sources */,
				BC465FFD1B758DFC0012C2D2 /* main.m in Sources */,
			);
			runOnlyForDeploymentPostprocessing = 0;
		};
		BC46600F1B758DFC0012C2D2 /* Sources */ = {
			isa = PBXSourcesBuildPhase;
			buildActionMask = 2147483647;
			files = (
				BC46601A1B758DFC0012C2D2 /* TestBlockTests.m in Sources */,
			);
			runOnlyForDeploymentPostprocessing = 0;
		};
/* End PBXSourcesBuildPhase section */

/* Begin PBXTargetDependency section */
		BC4660151B758DFC0012C2D2 /* PBXTargetDependency */ = {
			isa = PBXTargetDependency;
			target = BC465FF61B758DFC0012C2D2 /* TestBlock */;
			targetProxy = BC4660141B758DFC0012C2D2 /* PBXContainerItemProxy */;
		};
/* End PBXTargetDependency section */

/* Begin PBXVariantGroup section */
		BC4660071B758DFC0012C2D2 /* Main.storyboard */ = {
			isa = PBXVariantGroup;
			children = (
				BC4660081B758DFC0012C2D2 /* Base */,
			);
			name = Main.storyboard;
			sourceTree = "<group>";
		};
		BC46600C1B758DFC0012C2D2 /* LaunchScreen.xib */ = {
			isa = PBXVariantGroup;
			children = (
				BC46600D1B758DFC0012C2D2 /* Base */,
			);
			name = LaunchScreen.xib;
			sourceTree = "<group>";
		};
/* End PBXVariantGroup section */

/* Begin XCBuildConfiguration section */
		BC46601B1B758DFC0012C2D2 /* Debug */ = {
			isa = XCBuildConfiguration;
			buildSettings = {
				ALWAYS_SEARCH_USER_PATHS = NO;
				CLANG_CXX_LANGUAGE_STANDARD = "gnu++0x";
				CLANG_CXX_LIBRARY = "libc++";
				CLANG_ENABLE_MODULES = YES;
				CLANG_ENABLE_OBJC_ARC = YES;
				CLANG_WARN_BOOL_CONVERSION = YES;
				CLANG_WARN_CONSTANT_CONVERSION = YES;
				CLANG_WARN_DIRECT_OBJC_ISA_USAGE = YES_ERROR;
				CLANG_WARN_EMPTY_BODY = YES;
				CLANG_WARN_ENUM_CONVERSION = YES;
				CLANG_WARN_INT_CONVERSION = YES;
				CLANG_WARN_OBJC_ROOT_CLASS = YES_ERROR;
				CLANG_WARN_UNREACHABLE_CODE = YES;
				CLANG_WARN__DUPLICATE_METHOD_MATCH = YES;
				"CODE_SIGN_IDENTITY[sdk=iphoneos*]" = "iPhone Developer";
				COPY_PHASE_STRIP = NO;
				DEBUG_INFORMATION_FORMAT = "dwarf-with-dsym";
				ENABLE_STRICT_OBJC_MSGSEND = YES;
				GCC_C_LANGUAGE_STANDARD = gnu99;
				GCC_DYNAMIC_NO_PIC = NO;
				GCC_NO_COMMON_BLOCKS = YES;
				GCC_OPTIMIZATION_LEVEL = 0;
				GCC_PREPROCESSOR_DEFINITIONS = (
					"DEBUG=1",
					"$(inherited)",
				);
				GCC_SYMBOLS_PRIVATE_EXTERN = NO;
				GCC_WARN_64_TO_32_BIT_CONVERSION = YES;
				GCC_WARN_ABOUT_RETURN_TYPE = YES_ERROR;
				GCC_WARN_UNDECLARED_SELECTOR = YES;
				GCC_WARN_UNINITIALIZED_AUTOS = YES_AGGRESSIVE;
				GCC_WARN_UNUSED_FUNCTION = YES;
				GCC_WARN_UNUSED_VARIABLE = YES;
				IPHONEOS_DEPLOYMENT_TARGET = 8.3;
				MTL_ENABLE_DEBUG_INFO = YES;
				ONLY_ACTIVE_ARCH = YES;
				SDKROOT = iphoneos;
			};
			name = Debug;
		};
		BC46601C1B758DFC0012C2D2 /* Release */ = {
			isa = XCBuildConfiguration;
			buildSettings = {
				ALWAYS_SEARCH_USER_PATHS = NO;
				CLANG_CXX_LANGUAGE_STANDARD = "gnu++0x";
				CLANG_CXX_LIBRARY = "libc++";
				CLANG_ENABLE_MODULES = YES;
				CLANG_ENABLE_OBJC_ARC = YES;
				CLANG_WARN_BOOL_CONVERSION = YES;
				CLANG_WARN_CONSTANT_CONVERSION = YES;
				CLANG_WARN_DIRECT_OBJC_ISA_USAGE = YES_ERROR;
				CLANG_WARN_EMPTY_BODY = YES;
				CLANG_WARN_ENUM_CONVERSION = YES;
				CLANG_WARN_INT_CONVERSION = YES;
				CLANG_WARN_OBJC_ROOT_CLASS = YES_ERROR;
				CLANG_WARN_UNREACHABLE_CODE = YES;
				CLANG_WARN__DUPLICATE_METHOD_MATCH = YES;
				"CODE_SIGN_IDENTITY[sdk=iphoneos*]" = "iPhone Developer";
				COPY_PHASE_STRIP = NO;
				DEBUG_INFORMATION_FORMAT = "dwarf-with-dsym";
				ENABLE_NS_ASSERTIONS = NO;
				ENABLE_STRICT_OBJC_MSGSEND = YES;
				GCC_C_LANGUAGE_STANDARD = gnu99;
				GCC_NO_COMMON_BLOCKS = YES;
				GCC_WARN_64_TO_32_BIT_CONVERSION = YES;
				GCC_WARN_ABOUT_RETURN_TYPE = YES_ERROR;
				GCC_WARN_UNDECLARED_SELECTOR = YES;
				GCC_WARN_UNINITIALIZED_AUTOS = YES_AGGRESSIVE;
				GCC_WARN_UNUSED_FUNCTION = YES;
				GCC_WARN_UNUSED_VARIABLE = YES;
				IPHONEOS_DEPLOYMENT_TARGET = 8.3;
				MTL_ENABLE_DEBUG_INFO = NO;
				SDKROOT = iphoneos;
				VALIDATE_PRODUCT = YES;
			};
			name = Release;
		};
		BC46601E1B758DFC0012C2D2 /* Debug */ = {
			isa = XCBuildConfiguration;
			buildSettings = {
				ASSETCATALOG_COMPILER_APPICON_NAME = AppIcon;
				INFOPLIST_FILE = TestBlock/Info.plist;
				LD_RUNPATH_SEARCH_PATHS = "$(inherited) @executable_path/Frameworks";
				PRODUCT_NAME = "$(TARGET_NAME)";
			};
			name = Debug;
		};
		BC46601F1B758DFC0012C2D2 /* Release */ = {
			isa = XCBuildConfiguration;
			buildSettings = {
				ASSETCATALOG_COMPILER_APPICON_NAME = AppIcon;
				INFOPLIST_FILE = TestBlock/Info.plist;
				LD_RUNPATH_SEARCH_PATHS = "$(inherited) @executable_path/Frameworks";
				PRODUCT_NAME = "$(TARGET_NAME)";
			};
			name = Release;
		};
		BC4660211B758DFC0012C2D2 /* Debug */ = {
			isa = XCBuildConfiguration;
			buildSettings = {
				BUNDLE_LOADER = "$(TEST_HOST)";
				FRAMEWORK_SEARCH_PATHS = (
					"$(SDKROOT)/Developer/Library/Frameworks",
					"$(inherited)",
				);
				GCC_PREPROCESSOR_DEFINITIONS = (
					"DEBUG=1",
					"$(inherited)",
				);
				INFOPLIST_FILE = TestBlockTests/Info.plist;
				LD_RUNPATH_SEARCH_PATHS = "$(inherited) @executable_path/Frameworks @loader_path/Frameworks";
				PRODUCT_NAME = "$(TARGET_NAME)";
				TEST_HOST = "$(BUILT_PRODUCTS_DIR)/TestBlock.app/TestBlock";
			};
			name = Debug;
		};
		BC4660221B758DFC0012C2D2 /* Release */ = {
			isa = XCBuildConfiguration;
			buildSettings = {
				BUNDLE_LOADER = "$(TEST_HOST)";
				FRAMEWORK_SEARCH_PATHS = (
					"$(SDKROOT)/Developer/Library/Frameworks",
					"$(inherited)",
				);
				INFOPLIST_FILE = TestBlockTests/Info.plist;
				LD_RUNPATH_SEARCH_PATHS = "$(inherited) @executable_path/Frameworks @loader_path/Frameworks";
				PRODUCT_NAME = "$(TARGET_NAME)";
				TEST_HOST = "$(BUILT_PRODUCTS_DIR)/TestBlock.app/TestBlock";
			};
			name = Release;
		};
/* End XCBuildConfiguration section */

/* Begin XCConfigurationList section */
		BC465FF21B758DFC0012C2D2 /* Build configuration list for PBXProject "TestBlock" */ = {
			isa = XCConfigurationList;
			buildConfigurations = (
				BC46601B1B758DFC0012C2D2 /* Debug */,
				BC46601C1B758DFC0012C2D2 /* Release */,
			);
			defaultConfigurationIsVisible = 0;
			defaultConfigurationName = Release;
		};
		BC46601D1B758DFC0012C2D2 /* Build configuration list for PBXNativeTarget "TestBlock" */ = {
			isa = XCConfigurationList;
			buildConfigurations = (
				BC46601E1B758DFC0012C2D2 /* Debug */,
				BC46601F1B758DFC0012C2D2 /* Release */,
			);
			defaultConfigurationIsVisible = 0;
		};
		BC4660201B758DFC0012C2D2 /* Build configuration list for PBXNativeTarget "TestBlockTests" */ = {
			isa = XCConfigurationList;
			buildConfigurations = (
				BC4660211B758DFC0012C2D2 /* Debug */,
				BC4660221B758DFC0012C2D2 /* Release */,
			);
			defaultConfigurationIsVisible = 0;
		};
/* End XCConfigurationList section */

/* Begin XCVersionGroup section */
		BC4660011B758DFC0012C2D2 /* TestBlock.xcdatamodeld */ = {
			isa = XCVersionGroup;
			children = (
				BC4660021B758DFC0012C2D2 /* TestBlock.xcdatamodel */,
			);
			currentVersion = BC4660021B758DFC0012C2D2 /* TestBlock.xcdatamodel */;
			path = TestBlock.xcdatamodeld;
			sourceTree = "<group>";
			versionGroupType = wrapper.xcdatamodel;
		};
/* End XCVersionGroup section */
	};
	rootObject = BC465FEF1B758DFC0012C2D2 /* Project object */;
}
